// !$*UTF8*$!
{
	archiveVersion = 1;
	classes = {
	};
	objectVersion = 46;
	objects = {

/* Begin PBXBuildFile section */
		2B0287621DAEF33B005CD991 /* TableViewController.swift in Sources */ = {isa = PBXBuildFile; fileRef = 2B0287611DAEF33B005CD991 /* TableViewController.swift */; };
		2B16D81B1DAC560F0082B596 /* Settings.bundle in Resources */ = {isa = PBXBuildFile; fileRef = 2B16D81A1DAC560F0082B596 /* Settings.bundle */; };
		2B16D81D1DAC5EAA0082B596 /* Constants.swift in Sources */ = {isa = PBXBuildFile; fileRef = 2B16D81C1DAC5EAA0082B596 /* Constants.swift */; };
		F20D97B21DA2FCCB003C14ED /* AppDelegate.swift in Sources */ = {isa = PBXBuildFile; fileRef = F20D97B11DA2FCCB003C14ED /* AppDelegate.swift */; };
		F20D97B61DA2FCCB003C14ED /* AddEventViewController.swift in Sources */ = {isa = PBXBuildFile; fileRef = F20D97B51DA2FCCB003C14ED /* AddEventViewController.swift */; };
		F20D97B91DA2FCCB003C14ED /* Main.storyboard in Resources */ = {isa = PBXBuildFile; fileRef = F20D97B71DA2FCCB003C14ED /* Main.storyboard */; };
		F20D97BB1DA2FCCB003C14ED /* Assets.xcassets in Resources */ = {isa = PBXBuildFile; fileRef = F20D97BA1DA2FCCB003C14ED /* Assets.xcassets */; };
		F20D97BE1DA2FCCB003C14ED /* LaunchScreen.storyboard in Resources */ = {isa = PBXBuildFile; fileRef = F20D97BC1DA2FCCB003C14ED /* LaunchScreen.storyboard */; };
/* End PBXBuildFile section */

/* Begin PBXFileReference section */
		2B0287611DAEF33B005CD991 /* TableViewController.swift */ = {isa = PBXFileReference; fileEncoding = 4; lastKnownFileType = sourcecode.swift; path = TableViewController.swift; sourceTree = "<group>"; };
		2B16D81A1DAC560F0082B596 /* Settings.bundle */ = {isa = PBXFileReference; lastKnownFileType = "wrapper.plug-in"; path = Settings.bundle; sourceTree = "<group>"; };
		2B16D81C1DAC5EAA0082B596 /* Constants.swift */ = {isa = PBXFileReference; fileEncoding = 4; lastKnownFileType = sourcecode.swift; name = Constants.swift; path = Assets.xcassets/Constants.swift; sourceTree = "<group>"; };
		F20D97AE1DA2FCCB003C14ED /* FinalProject.app */ = {isa = PBXFileReference; explicitFileType = wrapper.application; includeInIndex = 0; path = FinalProject.app; sourceTree = BUILT_PRODUCTS_DIR; };
		F20D97B11DA2FCCB003C14ED /* AppDelegate.swift */ = {isa = PBXFileReference; lastKnownFileType = sourcecode.swift; path = AppDelegate.swift; sourceTree = "<group>"; };
		F20D97B51DA2FCCB003C14ED /* AddEventViewController.swift */ = {isa = PBXFileReference; lastKnownFileType = sourcecode.swift; path = AddEventViewController.swift; sourceTree = "<group>"; };
		F20D97B81DA2FCCB003C14ED /* Base */ = {isa = PBXFileReference; lastKnownFileType = file.storyboard; name = Base; path = Base.lproj/Main.storyboard; sourceTree = "<group>"; };
		F20D97BA1DA2FCCB003C14ED /* Assets.xcassets */ = {isa = PBXFileReference; lastKnownFileType = folder.assetcatalog; path = Assets.xcassets; sourceTree = "<group>"; };
		F20D97BD1DA2FCCB003C14ED /* Base */ = {isa = PBXFileReference; lastKnownFileType = file.storyboard; name = Base; path = Base.lproj/LaunchScreen.storyboard; sourceTree = "<group>"; };
		F20D97BF1DA2FCCB003C14ED /* Info.plist */ = {isa = PBXFileReference; lastKnownFileType = text.plist.xml; path = Info.plist; sourceTree = "<group>"; };
/* End PBXFileReference section */

/* Begin PBXFrameworksBuildPhase section */
		F20D97AB1DA2FCCB003C14ED /* Frameworks */ = {
			isa = PBXFrameworksBuildPhase;
			buildActionMask = 2147483647;
			files = (
			);
			runOnlyForDeploymentPostprocessing = 0;
		};
/* End PBXFrameworksBuildPhase section */

/* Begin PBXGroup section */
		F20D97A51DA2FCCB003C14ED = {
			isa = PBXGroup;
			children = (
				F20D97B01DA2FCCB003C14ED /* FinalProject */,
				F20D97AF1DA2FCCB003C14ED /* Products */,
			);
			sourceTree = "<group>";
		};
		F20D97AF1DA2FCCB003C14ED /* Products */ = {
			isa = PBXGroup;
			children = (
				F20D97AE1DA2FCCB003C14ED /* FinalProject.app */,
			);
			name = Products;
			sourceTree = "<group>";
		};
		F20D97B01DA2FCCB003C14ED /* FinalProject */ = {
			isa = PBXGroup;
			children = (
				2B16D81A1DAC560F0082B596 /* Settings.bundle */,
				F20D97B11DA2FCCB003C14ED /* AppDelegate.swift */,
				2B0287611DAEF33B005CD991 /* TableViewController.swift */,
				2B16D81C1DAC5EAA0082B596 /* Constants.swift */,
				F20D97B51DA2FCCB003C14ED /* AddEventViewController.swift */,
				F20D97B71DA2FCCB003C14ED /* Main.storyboard */,
				F20D97BA1DA2FCCB003C14ED /* Assets.xcassets */,
				F20D97BC1DA2FCCB003C14ED /* LaunchScreen.storyboard */,
				F20D97BF1DA2FCCB003C14ED /* Info.plist */,
			);
			path = FinalProject;
			sourceTree = "<group>";
		};
/* End PBXGroup section */

/* Begin PBXNativeTarget section */
		F20D97AD1DA2FCCB003C14ED /* FinalProject */ = {
			isa = PBXNativeTarget;
			buildConfigurationList = F20D97C21DA2FCCB003C14ED /* Build configuration list for PBXNativeTarget "FinalProject" */;
			buildPhases = (
				F20D97AA1DA2FCCB003C14ED /* Sources */,
				F20D97AB1DA2FCCB003C14ED /* Frameworks */,
				F20D97AC1DA2FCCB003C14ED /* Resources */,
			);
			buildRules = (
			);
			dependencies = (
			);
			name = FinalProject;
			productName = FinalProject;
			productReference = F20D97AE1DA2FCCB003C14ED /* FinalProject.app */;
			productType = "com.apple.product-type.application";
		};
/* End PBXNativeTarget section */

/* Begin PBXProject section */
		F20D97A61DA2FCCB003C14ED /* Project object */ = {
			isa = PBXProject;
			attributes = {
				LastSwiftUpdateCheck = 0730;
				LastUpgradeCheck = 0730;
				ORGANIZATIONNAME = "Philip, Angely";
				TargetAttributes = {
					F20D97AD1DA2FCCB003C14ED = {
						CreatedOnToolsVersion = 7.3.1;
					};
				};
			};
			buildConfigurationList = F20D97A91DA2FCCB003C14ED /* Build configuration list for PBXProject "FinalProject" */;
			compatibilityVersion = "Xcode 3.2";
			developmentRegion = English;
			hasScannedForEncodings = 0;
			knownRegions = (
				en,
				Base,
			);
			mainGroup = F20D97A51DA2FCCB003C14ED;
			productRefGroup = F20D97AF1DA2FCCB003C14ED /* Products */;
			projectDirPath = "";
			projectRoot = "";
			targets = (
				F20D97AD1DA2FCCB003C14ED /* FinalProject */,
			);
		};
/* End PBXProject section */

/* Begin PBXResourcesBuildPhase section */
		F20D97AC1DA2FCCB003C14ED /* Resources */ = {
			isa = PBXResourcesBuildPhase;
			buildActionMask = 2147483647;
			files = (
				2B16D81B1DAC560F0082B596 /* Settings.bundle in Resources */,
				F20D97BE1DA2FCCB003C14ED /* LaunchScreen.storyboard in Resources */,
				F20D97BB1DA2FCCB003C14ED /* Assets.xcassets in Resources */,
				F20D97B91DA2FCCB003C14ED /* Main.storyboard in Resources */,
			);
			runOnlyForDeploymentPostprocessing = 0;
		};
/* End PBXResourcesBuildPhase section */

/* Begin PBXSourcesBuildPhase section */
		F20D97AA1DA2FCCB003C14ED /* Sources */ = {
			isa = PBXSourcesBuildPhase;
			buildActionMask = 2147483647;
			files = (
				2B16D81D1DAC5EAA0082B596 /* Constants.swift in Sources */,
				2B0287621DAEF33B005CD991 /* TableViewController.swift in Sources */,
				F20D97B61DA2FCCB003C14ED /* AddEventViewController.swift in Sources */,
				F20D97B21DA2FCCB003C14ED /* AppDelegate.swift in Sources */,
			);
			runOnlyForDeploymentPostprocessing = 0;
		};
/* End PBXSourcesBuildPhase section */

/* Begin PBXVariantGroup section */
		F20D97B71DA2FCCB003C14ED /* Main.storyboard */ = {
			isa = PBXVariantGroup;
			children = (
				F20D97B81DA2FCCB003C14ED /* Base */,
			);
			name = Main.storyboard;
			sourceTree = "<group>";
		};
		F20D97BC1DA2FCCB003C14ED /* LaunchScreen.storyboard */ = {
			isa = PBXVariantGroup;
			children = (
				F20D97BD1DA2FCCB003C14ED /* Base */,
			);
			name = LaunchScreen.storyboard;
			sourceTree = "<group>";
		};
/* End PBXVariantGroup section */

/* Begin XCBuildConfiguration section */
		F20D97C01DA2FCCB003C14ED /* Debug */ = {
			isa = XCBuildConfiguration;
			buildSettings = {
				ALWAYS_SEARCH_USER_PATHS = NO;
				CLANG_ANALYZER_NONNULL = YES;
				CLANG_CXX_LANGUAGE_STANDARD = "gnu++0x";
				CLANG_CXX_LIBRARY = "libc++";
				CLANG_ENABLE_MODULES = YES;
				CLANG_ENABLE_OBJC_ARC = YES;
				CLANG_WARN_BOOL_CONVERSION = YES;
				CLANG_WARN_CONSTANT_CONVERSION = YES;
				CLANG_WARN_DIRECT_OBJC_ISA_USAGE = YES_ERROR;
				CLANG_WARN_EMPTY_BODY = YES;
				CLANG_WARN_ENUM_CONVERSION = YES;
				CLANG_WARN_INT_CONVERSION = YES;
				CLANG_WARN_OBJC_ROOT_CLASS = YES_ERROR;
				CLANG_WARN_UNREACHABLE_CODE = YES;
				CLANG_WARN__DUPLICATE_METHOD_MATCH = YES;
				"CODE_SIGN_IDENTITY[sdk=iphoneos*]" = "iPhone Developer";
				COPY_PHASE_STRIP = NO;
				DEBUG_INFORMATION_FORMAT = dwarf;
				ENABLE_STRICT_OBJC_MSGSEND = YES;
				ENABLE_TESTABILITY = YES;
				GCC_C_LANGUAGE_STANDARD = gnu99;
				GCC_DYNAMIC_NO_PIC = NO;
				GCC_NO_COMMON_BLOCKS = YES;
				GCC_OPTIMIZATION_LEVEL = 0;
				GCC_PREPROCESSOR_DEFINITIONS = (
					"DEBUG=1",
					"$(inherited)",
				);
				GCC_WARN_64_TO_32_BIT_CONVERSION = YES;
				GCC_WARN_ABOUT_RETURN_TYPE = YES_ERROR;
				GCC_WARN_UNDECLARED_SELECTOR = YES;
				GCC_WARN_UNINITIALIZED_AUTOS = YES_AGGRESSIVE;
				GCC_WARN_UNUSED_FUNCTION = YES;
				GCC_WARN_UNUSED_VARIABLE = YES;
				IPHONEOS_DEPLOYMENT_TARGET = 9.3;
				MTL_ENABLE_DEBUG_INFO = YES;
				ONLY_ACTIVE_ARCH = YES;
				SDKROOT = iphoneos;
				SWIFT_OPTIMIZATION_LEVEL = "-Onone";
			};
			name = Debug;
		};
		F20D97C11DA2FCCB003C14ED /* Release */ = {
			isa = XCBuildConfiguration;
			buildSettings = {
				ALWAYS_SEARCH_USER_PATHS = NO;
				CLANG_ANALYZER_NONNULL = YES;
				CLANG_CXX_LANGUAGE_STANDARD = "gnu++0x";
				CLANG_CXX_LIBRARY = "libc++";
				CLANG_ENABLE_MODULES = YES;
				CLANG_ENABLE_OBJC_ARC = YES;
				CLANG_WARN_BOOL_CONVERSION = YES;
				CLANG_WARN_CONSTANT_CONVERSION = YES;
				CLANG_WARN_DIRECT_OBJC_ISA_USAGE = YES_ERROR;
				CLANG_WARN_EMPTY_BODY = YES;
				CLANG_WARN_ENUM_CONVERSION = YES;
				CLANG_WARN_INT_CONVERSION = YES;
				CLANG_WARN_OBJC_ROOT_CLASS = YES_ERROR;
				CLANG_WARN_UNREACHABLE_CODE = YES;
				CLANG_WARN__DUPLICATE_METHOD_MATCH = YES;
				"CODE_SIGN_IDENTITY[sdk=iphoneos*]" = "iPhone Developer";
				COPY_PHASE_STRIP = NO;
				DEBUG_INFORMATION_FORMAT = "dwarf-with-dsym";
				ENABLE_NS_ASSERTIONS = NO;
				ENABLE_STRICT_OBJC_MSGSEND = YES;
				GCC_C_LANGUAGE_STANDARD = gnu99;
				GCC_NO_COMMON_BLOCKS = YES;
				GCC_WARN_64_TO_32_BIT_CONVERSION = YES;
				GCC_WARN_ABOUT_RETURN_TYPE = YES_ERROR;
				GCC_WARN_UNDECLARED_SELECTOR = YES;
				GCC_WARN_UNINITIALIZED_AUTOS = YES_AGGRESSIVE;
				GCC_WARN_UNUSED_FUNCTION = YES;
				GCC_WARN_UNUSED_VARIABLE = YES;
				IPHONEOS_DEPLOYMENT_TARGET = 9.3;
				MTL_ENABLE_DEBUG_INFO = NO;
				SDKROOT = iphoneos;
				VALIDATE_PRODUCT = YES;
			};
			name = Release;
		};
		F20D97C31DA2FCCB003C14ED /* Debug */ = {
			isa = XCBuildConfiguration;
			buildSettings = {
				ASSETCATALOG_COMPILER_APPICON_NAME = AppIcon;
				INFOPLIST_FILE = FinalProject/Info.plist;
				LD_RUNPATH_SEARCH_PATHS = "$(inherited) @executable_path/Frameworks";
				PRODUCT_BUNDLE_IDENTIFIER = co.angely.FinalProject;
				PRODUCT_NAME = "$(TARGET_NAME)";
			};
			name = Debug;
		};
		F20D97C41DA2FCCB003C14ED /* Release */ = {
			isa = XCBuildConfiguration;
			buildSettings = {
				ASSETCATALOG_COMPILER_APPICON_NAME = AppIcon;
				INFOPLIST_FILE = FinalProject/Info.plist;
				LD_RUNPATH_SEARCH_PATHS = "$(inherited) @executable_path/Frameworks";
				PRODUCT_BUNDLE_IDENTIFIER = co.angely.FinalProject;
				PRODUCT_NAME = "$(TARGET_NAME)";
			};
			name = Release;
		};
/* End XCBuildConfiguration section */

/* Begin XCConfigurationList section */
		F20D97A91DA2FCCB003C14ED /* Build configuration list for PBXProject "FinalProject" */ = {
			isa = XCConfigurationList;
			buildConfigurations = (
				F20D97C01DA2FCCB003C14ED /* Debug */,
				F20D97C11DA2FCCB003C14ED /* Release */,
			);
			defaultConfigurationIsVisible = 0;
			defaultConfigurationName = Release;
		};
		F20D97C21DA2FCCB003C14ED /* Build configuration list for PBXNativeTarget "FinalProject" */ = {
			isa = XCConfigurationList;
			buildConfigurations = (
				F20D97C31DA2FCCB003C14ED /* Debug */,
				F20D97C41DA2FCCB003C14ED /* Release */,
			);
			defaultConfigurationIsVisible = 0;
			defaultConfigurationName = Release;
		};
/* End XCConfigurationList section */
	};
	rootObject = F20D97A61DA2FCCB003C14ED /* Project object */;
}
